
Microsoft Visual Studio Solution File, Format Version 12.00
# Visual Studio Version 16
VisualStudioVersion = 16.0.31129.286
MinimumVisualStudioVersion = 10.0.40219.1
Project("{FAE04EC0-301F-11D3-BF4B-00C04F79EFBC}") = "SistemaHotelero.WebService", "SistemaHotelero.WebService.csproj", "{748A338E-6919-429C-A90A-FACEBBAB5768}"
EndProject
Project("{FAE04EC0-301F-11D3-BF4B-00C04F79EFBC}") = "SistemaHotelero.Datos", "..\SistemaHotelero.Datos\SistemaHotelero.Datos.csproj", "{C337409B-4A89-4C1A-A4A7-EEC683080F45}"
EndProject
Global
	GlobalSection(SolutionConfigurationPlatforms) = preSolution
		Debug|Any CPU = Debug|Any CPU
		Release|Any CPU = Release|Any CPU
	EndGlobalSection
	GlobalSection(ProjectConfigurationPlatforms) = postSolution
		{748A338E-6919-429C-A90A-FACEBBAB5768}.Debug|Any CPU.ActiveCfg = Debug|Any CPU
		{748A338E-6919-429C-A90A-FACEBBAB5768}.Debug|Any CPU.Build.0 = Debug|Any CPU
		{748A338E-6919-429C-A90A-FACEBBAB5768}.Release|Any CPU.ActiveCfg = Release|Any CPU
		{748A338E-6919-429C-A90A-FACEBBAB5768}.Release|Any CPU.Build.0 = Release|Any CPU
		{C337409B-4A89-4C1A-A4A7-EEC683080F45}.Debug|Any CPU.ActiveCfg = Debug|Any CPU
		{C337409B-4A89-4C1A-A4A7-EEC683080F45}.Debug|Any CPU.Build.0 = Debug|Any CPU
		{C337409B-4A89-4C1A-A4A7-EEC683080F45}.Release|Any CPU.ActiveCfg = Release|Any CPU
		{C337409B-4A89-4C1A-A4A7-EEC683080F45}.Release|Any CPU.Build.0 = Release|Any CPU
	EndGlobalSection
	GlobalSection(SolutionProperties) = preSolution
		HideSolutionNode = FALSE
	EndGlobalSection
	GlobalSection(ExtensibilityGlobals) = postSolution
		SolutionGuid = {24731ABA-9687-4243-9C21-826C14510761}
	EndGlobalSection
EndGlobal
